
Microsoft Visual Studio Solution File, Format Version 12.00
# Visual Studio Version 16
VisualStudioVersion = 16.0.30104.148
MinimumVisualStudioVersion = 10.0.40219.1
Project("{FAE04EC0-301F-11D3-BF4B-00C04F79EFBC}") = "Primeiro", "Primeiro\Primeiro.csproj", "{CC8B84E5-B42E-4AF3-8A2B-E7D5CC762724}"
EndProject
Global
	GlobalSection(SolutionConfigurationPlatforms) = preSolution
		Debug|Any CPU = Debug|Any CPU
		Release|Any CPU = Release|Any CPU
	EndGlobalSection
	GlobalSection(ProjectConfigurationPlatforms) = postSolution
		{CC8B84E5-B42E-4AF3-8A2B-E7D5CC762724}.Debug|Any CPU.ActiveCfg = Debug|Any CPU
		{CC8B84E5-B42E-4AF3-8A2B-E7D5CC762724}.Debug|Any CPU.Build.0 = Debug|Any CPU
		{CC8B84E5-B42E-4AF3-8A2B-E7D5CC762724}.Release|Any CPU.ActiveCfg = Release|Any CPU
		{CC8B84E5-B42E-4AF3-8A2B-E7D5CC762724}.Release|Any CPU.Build.0 = Release|Any CPU
	EndGlobalSection
	GlobalSection(SolutionProperties) = preSolution
		HideSolutionNode = FALSE
	EndGlobalSection
	GlobalSection(ExtensibilityGlobals) = postSolution
		SolutionGuid = {601BBD12-C78A-4EB7-AA6B-A29B3A2F7628}
	EndGlobalSection
EndGlobal
